
Microsoft Visual Studio Solution File, Format Version 12.00
# Visual Studio 15
VisualStudioVersion = 15.0.26124.0
MinimumVisualStudioVersion = 15.0.26124.0
Project("{FAE04EC0-301F-11D3-BF4B-00C04F79EFBC}") = "Penguin.Web.OAuthJsonClient.Local", "Penguin.Web.OAuthJsonClient.Local.csproj", "{0ECC33C4-1705-4AAE-B4A9-8E6C2A79F7E1}"
EndProject
Project("{FAE04EC0-301F-11D3-BF4B-00C04F79EFBC}") = "Penguin.Web.JsonClient.Local", "..\Penguin.Web.JsonClient\Penguin.Web.JsonClient.Local.csproj", "{2C9EF7BB-A1A7-4C2F-BEB8-2A76878E83F1}"
EndProject
Project("{FAE04EC0-301F-11D3-BF4B-00C04F79EFBC}") = "Penguin.Web.WebClientEx.Local", "..\Penguin.Web.WebClientEx\Penguin.Web.WebClientEx.Local.csproj", "{DA04C04A-206F-4379-9A2C-60FFB2A1F0D5}"
EndProject
Project("{FAE04EC0-301F-11D3-BF4B-00C04F79EFBC}") = "Penguin.Extensions.String.Local", "..\Penguin.Extensions.String\Penguin.Extensions.String.Local.csproj", "{488F98AB-F3B8-4EB2-B752-43F33761573D}"
EndProject
Project("{FAE04EC0-301F-11D3-BF4B-00C04F79EFBC}") = "Penguin.Web.Http.Local", "..\Penguin.Web.Http\Penguin.Web.Http.Local.csproj", "{521893E2-A5D5-4F65-8CDC-8DB893F854BB}"
EndProject
Project("{FAE04EC0-301F-11D3-BF4B-00C04F79EFBC}") = "Penguin.Reflection.Extensions.Local", "..\Penguin.Reflection.Extensions\Penguin.Reflection.Extensions.Local.csproj", "{F65FBC60-270B-42AD-919E-9C3D942EFADE}"
EndProject
Project("{FAE04EC0-301F-11D3-BF4B-00C04F79EFBC}") = "Penguin.Reflection.Abstractions.Local", "..\Penguin.Reflection.Abstractions\Penguin.Reflection.Abstractions.Local.csproj", "{13BF9DAF-74F6-43C7-9D50-882DB615F298}"
EndProject
Project("{FAE04EC0-301F-11D3-BF4B-00C04F79EFBC}") = "Penguin.Json.Local", "..\Penguin.Json\Penguin.Json.Local.csproj", "{ECD54BDA-FE51-43E6-A2A1-6E50CA044126}"
EndProject
Project("{FAE04EC0-301F-11D3-BF4B-00C04F79EFBC}") = "Penguin.Json.Abstractions.Local", "..\Penguin.Json.Abstractions\Penguin.Json.Abstractions.Local.csproj", "{E2BCCBC2-49C9-4A7B-9642-439F8C47B3AB}"
EndProject
Project("{FAE04EC0-301F-11D3-BF4B-00C04F79EFBC}") = "Penguin.SystemExtensions.Abstractions.Local", "..\Penguin.SystemExtensions.Abstractions\Penguin.SystemExtensions.Abstractions.Local.csproj", "{38782F8C-60B8-4B3D-8BC5-644E1D12DB5A}"
EndProject
Project("{FAE04EC0-301F-11D3-BF4B-00C04F79EFBC}") = "Penguin.Reflection.Local", "..\Penguin.Reflection\Penguin.Reflection.Local.csproj", "{9208BB76-E802-4D2A-A6CB-131FCF5AF80D}"
EndProject
Project("{FAE04EC0-301F-11D3-BF4B-00C04F79EFBC}") = "Penguin.Debugging.Local", "..\Penguin.Debugging\Penguin.Debugging.Local.csproj", "{CC07612E-95FA-4C02-B2D4-778DF1A9202B}"
EndProject
Project("{FAE04EC0-301F-11D3-BF4B-00C04F79EFBC}") = "Penguin.Extensions.Exceptions.Local", "..\Penguin.Extensions.Exceptions\Penguin.Extensions.Exceptions.Local.csproj", "{AF7CB034-FDED-4C81-9453-406C41C0F2ED}"
EndProject
Global
	GlobalSection(SolutionConfigurationPlatforms) = preSolution
		Debug|Any CPU = Debug|Any CPU
		Debug|x64 = Debug|x64
		Debug|x86 = Debug|x86
		Release|Any CPU = Release|Any CPU
		Release|x64 = Release|x64
		Release|x86 = Release|x86
	EndGlobalSection
	GlobalSection(SolutionProperties) = preSolution
		HideSolutionNode = FALSE
	EndGlobalSection
	GlobalSection(ProjectConfigurationPlatforms) = postSolution
		{0ECC33C4-1705-4AAE-B4A9-8E6C2A79F7E1}.Debug|Any CPU.ActiveCfg = Debug|Any CPU
		{0ECC33C4-1705-4AAE-B4A9-8E6C2A79F7E1}.Debug|Any CPU.Build.0 = Debug|Any CPU
		{0ECC33C4-1705-4AAE-B4A9-8E6C2A79F7E1}.Debug|x64.ActiveCfg = Debug|Any CPU
		{0ECC33C4-1705-4AAE-B4A9-8E6C2A79F7E1}.Debug|x64.Build.0 = Debug|Any CPU
		{0ECC33C4-1705-4AAE-B4A9-8E6C2A79F7E1}.Debug|x86.ActiveCfg = Debug|Any CPU
		{0ECC33C4-1705-4AAE-B4A9-8E6C2A79F7E1}.Debug|x86.Build.0 = Debug|Any CPU
		{0ECC33C4-1705-4AAE-B4A9-8E6C2A79F7E1}.Release|Any CPU.ActiveCfg = Release|Any CPU
		{0ECC33C4-1705-4AAE-B4A9-8E6C2A79F7E1}.Release|Any CPU.Build.0 = Release|Any CPU
		{0ECC33C4-1705-4AAE-B4A9-8E6C2A79F7E1}.Release|x64.ActiveCfg = Release|Any CPU
		{0ECC33C4-1705-4AAE-B4A9-8E6C2A79F7E1}.Release|x64.Build.0 = Release|Any CPU
		{0ECC33C4-1705-4AAE-B4A9-8E6C2A79F7E1}.Release|x86.ActiveCfg = Release|Any CPU
		{0ECC33C4-1705-4AAE-B4A9-8E6C2A79F7E1}.Release|x86.Build.0 = Release|Any CPU
		{2C9EF7BB-A1A7-4C2F-BEB8-2A76878E83F1}.Debug|Any CPU.ActiveCfg = Debug|Any CPU
		{2C9EF7BB-A1A7-4C2F-BEB8-2A76878E83F1}.Debug|Any CPU.Build.0 = Debug|Any CPU
		{2C9EF7BB-A1A7-4C2F-BEB8-2A76878E83F1}.Debug|x64.ActiveCfg = Debug|Any CPU
		{2C9EF7BB-A1A7-4C2F-BEB8-2A76878E83F1}.Debug|x64.Build.0 = Debug|Any CPU
		{2C9EF7BB-A1A7-4C2F-BEB8-2A76878E83F1}.Debug|x86.ActiveCfg = Debug|Any CPU
		{2C9EF7BB-A1A7-4C2F-BEB8-2A76878E83F1}.Debug|x86.Build.0 = Debug|Any CPU
		{2C9EF7BB-A1A7-4C2F-BEB8-2A76878E83F1}.Release|Any CPU.ActiveCfg = Release|Any CPU
		{2C9EF7BB-A1A7-4C2F-BEB8-2A76878E83F1}.Release|Any CPU.Build.0 = Release|Any CPU
		{2C9EF7BB-A1A7-4C2F-BEB8-2A76878E83F1}.Release|x64.ActiveCfg = Release|Any CPU
		{2C9EF7BB-A1A7-4C2F-BEB8-2A76878E83F1}.Release|x64.Build.0 = Release|Any CPU
		{2C9EF7BB-A1A7-4C2F-BEB8-2A76878E83F1}.Release|x86.ActiveCfg = Release|Any CPU
		{2C9EF7BB-A1A7-4C2F-BEB8-2A76878E83F1}.Release|x86.Build.0 = Release|Any CPU
		{DA04C04A-206F-4379-9A2C-60FFB2A1F0D5}.Debug|Any CPU.ActiveCfg = Debug|Any CPU
		{DA04C04A-206F-4379-9A2C-60FFB2A1F0D5}.Debug|Any CPU.Build.0 = Debug|Any CPU
		{DA04C04A-206F-4379-9A2C-60FFB2A1F0D5}.Debug|x64.ActiveCfg = Debug|Any CPU
		{DA04C04A-206F-4379-9A2C-60FFB2A1F0D5}.Debug|x64.Build.0 = Debug|Any CPU
		{DA04C04A-206F-4379-9A2C-60FFB2A1F0D5}.Debug|x86.ActiveCfg = Debug|Any CPU
		{DA04C04A-206F-4379-9A2C-60FFB2A1F0D5}.Debug|x86.Build.0 = Debug|Any CPU
		{DA04C04A-206F-4379-9A2C-60FFB2A1F0D5}.Release|Any CPU.ActiveCfg = Release|Any CPU
		{DA04C04A-206F-4379-9A2C-60FFB2A1F0D5}.Release|Any CPU.Build.0 = Release|Any CPU
		{DA04C04A-206F-4379-9A2C-60FFB2A1F0D5}.Release|x64.ActiveCfg = Release|Any CPU
		{DA04C04A-206F-4379-9A2C-60FFB2A1F0D5}.Release|x64.Build.0 = Release|Any CPU
		{DA04C04A-206F-4379-9A2C-60FFB2A1F0D5}.Release|x86.ActiveCfg = Release|Any CPU
		{DA04C04A-206F-4379-9A2C-60FFB2A1F0D5}.Release|x86.Build.0 = Release|Any CPU
		{488F98AB-F3B8-4EB2-B752-43F33761573D}.Debug|Any CPU.ActiveCfg = Debug|Any CPU
		{488F98AB-F3B8-4EB2-B752-43F33761573D}.Debug|Any CPU.Build.0 = Debug|Any CPU
		{488F98AB-F3B8-4EB2-B752-43F33761573D}.Debug|x64.ActiveCfg = Debug|Any CPU
		{488F98AB-F3B8-4EB2-B752-43F33761573D}.Debug|x64.Build.0 = Debug|Any CPU
		{488F98AB-F3B8-4EB2-B752-43F33761573D}.Debug|x86.ActiveCfg = Debug|Any CPU
		{488F98AB-F3B8-4EB2-B752-43F33761573D}.Debug|x86.Build.0 = Debug|Any CPU
		{488F98AB-F3B8-4EB2-B752-43F33761573D}.Release|Any CPU.ActiveCfg = Release|Any CPU
		{488F98AB-F3B8-4EB2-B752-43F33761573D}.Release|Any CPU.Build.0 = Release|Any CPU
		{488F98AB-F3B8-4EB2-B752-43F33761573D}.Release|x64.ActiveCfg = Release|Any CPU
		{488F98AB-F3B8-4EB2-B752-43F33761573D}.Release|x64.Build.0 = Release|Any CPU
		{488F98AB-F3B8-4EB2-B752-43F33761573D}.Release|x86.ActiveCfg = Release|Any CPU
		{488F98AB-F3B8-4EB2-B752-43F33761573D}.Release|x86.Build.0 = Release|Any CPU
		{521893E2-A5D5-4F65-8CDC-8DB893F854BB}.Debug|Any CPU.ActiveCfg = Debug|Any CPU
		{521893E2-A5D5-4F65-8CDC-8DB893F854BB}.Debug|Any CPU.Build.0 = Debug|Any CPU
		{521893E2-A5D5-4F65-8CDC-8DB893F854BB}.Debug|x64.ActiveCfg = Debug|Any CPU
		{521893E2-A5D5-4F65-8CDC-8DB893F854BB}.Debug|x64.Build.0 = Debug|Any CPU
		{521893E2-A5D5-4F65-8CDC-8DB893F854BB}.Debug|x86.ActiveCfg = Debug|Any CPU
		{521893E2-A5D5-4F65-8CDC-8DB893F854BB}.Debug|x86.Build.0 = Debug|Any CPU
		{521893E2-A5D5-4F65-8CDC-8DB893F854BB}.Release|Any CPU.ActiveCfg = Release|Any CPU
		{521893E2-A5D5-4F65-8CDC-8DB893F854BB}.Release|Any CPU.Build.0 = Release|Any CPU
		{521893E2-A5D5-4F65-8CDC-8DB893F854BB}.Release|x64.ActiveCfg = Release|Any CPU
		{521893E2-A5D5-4F65-8CDC-8DB893F854BB}.Release|x64.Build.0 = Release|Any CPU
		{521893E2-A5D5-4F65-8CDC-8DB893F854BB}.Release|x86.ActiveCfg = Release|Any CPU
		{521893E2-A5D5-4F65-8CDC-8DB893F854BB}.Release|x86.Build.0 = Release|Any CPU
		{F65FBC60-270B-42AD-919E-9C3D942EFADE}.Debug|Any CPU.ActiveCfg = Debug|Any CPU
		{F65FBC60-270B-42AD-919E-9C3D942EFADE}.Debug|Any CPU.Build.0 = Debug|Any CPU
		{F65FBC60-270B-42AD-919E-9C3D942EFADE}.Debug|x64.ActiveCfg = Debug|Any CPU
		{F65FBC60-270B-42AD-919E-9C3D942EFADE}.Debug|x64.Build.0 = Debug|Any CPU
		{F65FBC60-270B-42AD-919E-9C3D942EFADE}.Debug|x86.ActiveCfg = Debug|Any CPU
		{F65FBC60-270B-42AD-919E-9C3D942EFADE}.Debug|x86.Build.0 = Debug|Any CPU
		{F65FBC60-270B-42AD-919E-9C3D942EFADE}.Release|Any CPU.ActiveCfg = Release|Any CPU
		{F65FBC60-270B-42AD-919E-9C3D942EFADE}.Release|Any CPU.Build.0 = Release|Any CPU
		{F65FBC60-270B-42AD-919E-9C3D942EFADE}.Release|x64.ActiveCfg = Release|Any CPU
		{F65FBC60-270B-42AD-919E-9C3D942EFADE}.Release|x64.Build.0 = Release|Any CPU
		{F65FBC60-270B-42AD-919E-9C3D942EFADE}.Release|x86.ActiveCfg = Release|Any CPU
		{F65FBC60-270B-42AD-919E-9C3D942EFADE}.Release|x86.Build.0 = Release|Any CPU
		{13BF9DAF-74F6-43C7-9D50-882DB615F298}.Debug|Any CPU.ActiveCfg = Debug|Any CPU
		{13BF9DAF-74F6-43C7-9D50-882DB615F298}.Debug|Any CPU.Build.0 = Debug|Any CPU
		{13BF9DAF-74F6-43C7-9D50-882DB615F298}.Debug|x64.ActiveCfg = Debug|Any CPU
		{13BF9DAF-74F6-43C7-9D50-882DB615F298}.Debug|x64.Build.0 = Debug|Any CPU
		{13BF9DAF-74F6-43C7-9D50-882DB615F298}.Debug|x86.ActiveCfg = Debug|Any CPU
		{13BF9DAF-74F6-43C7-9D50-882DB615F298}.Debug|x86.Build.0 = Debug|Any CPU
		{13BF9DAF-74F6-43C7-9D50-882DB615F298}.Release|Any CPU.ActiveCfg = Release|Any CPU
		{13BF9DAF-74F6-43C7-9D50-882DB615F298}.Release|Any CPU.Build.0 = Release|Any CPU
		{13BF9DAF-74F6-43C7-9D50-882DB615F298}.Release|x64.ActiveCfg = Release|Any CPU
		{13BF9DAF-74F6-43C7-9D50-882DB615F298}.Release|x64.Build.0 = Release|Any CPU
		{13BF9DAF-74F6-43C7-9D50-882DB615F298}.Release|x86.ActiveCfg = Release|Any CPU
		{13BF9DAF-74F6-43C7-9D50-882DB615F298}.Release|x86.Build.0 = Release|Any CPU
		{ECD54BDA-FE51-43E6-A2A1-6E50CA044126}.Debug|Any CPU.ActiveCfg = Debug|Any CPU
		{ECD54BDA-FE51-43E6-A2A1-6E50CA044126}.Debug|Any CPU.Build.0 = Debug|Any CPU
		{ECD54BDA-FE51-43E6-A2A1-6E50CA044126}.Debug|x64.ActiveCfg = Debug|Any CPU
		{ECD54BDA-FE51-43E6-A2A1-6E50CA044126}.Debug|x64.Build.0 = Debug|Any CPU
		{ECD54BDA-FE51-43E6-A2A1-6E50CA044126}.Debug|x86.ActiveCfg = Debug|Any CPU
		{ECD54BDA-FE51-43E6-A2A1-6E50CA044126}.Debug|x86.Build.0 = Debug|Any CPU
		{ECD54BDA-FE51-43E6-A2A1-6E50CA044126}.Release|Any CPU.ActiveCfg = Release|Any CPU
		{ECD54BDA-FE51-43E6-A2A1-6E50CA044126}.Release|Any CPU.Build.0 = Release|Any CPU
		{ECD54BDA-FE51-43E6-A2A1-6E50CA044126}.Release|x64.ActiveCfg = Release|Any CPU
		{ECD54BDA-FE51-43E6-A2A1-6E50CA044126}.Release|x64.Build.0 = Release|Any CPU
		{ECD54BDA-FE51-43E6-A2A1-6E50CA044126}.Release|x86.ActiveCfg = Release|Any CPU
		{ECD54BDA-FE51-43E6-A2A1-6E50CA044126}.Release|x86.Build.0 = Release|Any CPU
		{E2BCCBC2-49C9-4A7B-9642-439F8C47B3AB}.Debug|Any CPU.ActiveCfg = Debug|Any CPU
		{E2BCCBC2-49C9-4A7B-9642-439F8C47B3AB}.Debug|Any CPU.Build.0 = Debug|Any CPU
		{E2BCCBC2-49C9-4A7B-9642-439F8C47B3AB}.Debug|x64.ActiveCfg = Debug|Any CPU
		{E2BCCBC2-49C9-4A7B-9642-439F8C47B3AB}.Debug|x64.Build.0 = Debug|Any CPU
		{E2BCCBC2-49C9-4A7B-9642-439F8C47B3AB}.Debug|x86.ActiveCfg = Debug|Any CPU
		{E2BCCBC2-49C9-4A7B-9642-439F8C47B3AB}.Debug|x86.Build.0 = Debug|Any CPU
		{E2BCCBC2-49C9-4A7B-9642-439F8C47B3AB}.Release|Any CPU.ActiveCfg = Release|Any CPU
		{E2BCCBC2-49C9-4A7B-9642-439F8C47B3AB}.Release|Any CPU.Build.0 = Release|Any CPU
		{E2BCCBC2-49C9-4A7B-9642-439F8C47B3AB}.Release|x64.ActiveCfg = Release|Any CPU
		{E2BCCBC2-49C9-4A7B-9642-439F8C47B3AB}.Release|x64.Build.0 = Release|Any CPU
		{E2BCCBC2-49C9-4A7B-9642-439F8C47B3AB}.Release|x86.ActiveCfg = Release|Any CPU
		{E2BCCBC2-49C9-4A7B-9642-439F8C47B3AB}.Release|x86.Build.0 = Release|Any CPU
		{38782F8C-60B8-4B3D-8BC5-644E1D12DB5A}.Debug|Any CPU.ActiveCfg = Debug|Any CPU
		{38782F8C-60B8-4B3D-8BC5-644E1D12DB5A}.Debug|Any CPU.Build.0 = Debug|Any CPU
		{38782F8C-60B8-4B3D-8BC5-644E1D12DB5A}.Debug|x64.ActiveCfg = Debug|Any CPU
		{38782F8C-60B8-4B3D-8BC5-644E1D12DB5A}.Debug|x64.Build.0 = Debug|Any CPU
		{38782F8C-60B8-4B3D-8BC5-644E1D12DB5A}.Debug|x86.ActiveCfg = Debug|Any CPU
		{38782F8C-60B8-4B3D-8BC5-644E1D12DB5A}.Debug|x86.Build.0 = Debug|Any CPU
		{38782F8C-60B8-4B3D-8BC5-644E1D12DB5A}.Release|Any CPU.ActiveCfg = Release|Any CPU
		{38782F8C-60B8-4B3D-8BC5-644E1D12DB5A}.Release|Any CPU.Build.0 = Release|Any CPU
		{38782F8C-60B8-4B3D-8BC5-644E1D12DB5A}.Release|x64.ActiveCfg = Release|Any CPU
		{38782F8C-60B8-4B3D-8BC5-644E1D12DB5A}.Release|x64.Build.0 = Release|Any CPU
		{38782F8C-60B8-4B3D-8BC5-644E1D12DB5A}.Release|x86.ActiveCfg = Release|Any CPU
		{38782F8C-60B8-4B3D-8BC5-644E1D12DB5A}.Release|x86.Build.0 = Release|Any CPU
		{9208BB76-E802-4D2A-A6CB-131FCF5AF80D}.Debug|Any CPU.ActiveCfg = Debug|Any CPU
		{9208BB76-E802-4D2A-A6CB-131FCF5AF80D}.Debug|Any CPU.Build.0 = Debug|Any CPU
		{9208BB76-E802-4D2A-A6CB-131FCF5AF80D}.Debug|x64.ActiveCfg = Debug|Any CPU
		{9208BB76-E802-4D2A-A6CB-131FCF5AF80D}.Debug|x64.Build.0 = Debug|Any CPU
		{9208BB76-E802-4D2A-A6CB-131FCF5AF80D}.Debug|x86.ActiveCfg = Debug|Any CPU
		{9208BB76-E802-4D2A-A6CB-131FCF5AF80D}.Debug|x86.Build.0 = Debug|Any CPU
		{9208BB76-E802-4D2A-A6CB-131FCF5AF80D}.Release|Any CPU.ActiveCfg = Release|Any CPU
		{9208BB76-E802-4D2A-A6CB-131FCF5AF80D}.Release|Any CPU.Build.0 = Release|Any CPU
		{9208BB76-E802-4D2A-A6CB-131FCF5AF80D}.Release|x64.ActiveCfg = Release|Any CPU
		{9208BB76-E802-4D2A-A6CB-131FCF5AF80D}.Release|x64.Build.0 = Release|Any CPU
		{9208BB76-E802-4D2A-A6CB-131FCF5AF80D}.Release|x86.ActiveCfg = Release|Any CPU
		{9208BB76-E802-4D2A-A6CB-131FCF5AF80D}.Release|x86.Build.0 = Release|Any CPU
		{CC07612E-95FA-4C02-B2D4-778DF1A9202B}.Debug|Any CPU.ActiveCfg = Debug|Any CPU
		{CC07612E-95FA-4C02-B2D4-778DF1A9202B}.Debug|Any CPU.Build.0 = Debug|Any CPU
		{CC07612E-95FA-4C02-B2D4-778DF1A9202B}.Debug|x64.ActiveCfg = Debug|Any CPU
		{CC07612E-95FA-4C02-B2D4-778DF1A9202B}.Debug|x64.Build.0 = Debug|Any CPU
		{CC07612E-95FA-4C02-B2D4-778DF1A9202B}.Debug|x86.ActiveCfg = Debug|Any CPU
		{CC07612E-95FA-4C02-B2D4-778DF1A9202B}.Debug|x86.Build.0 = Debug|Any CPU
		{CC07612E-95FA-4C02-B2D4-778DF1A9202B}.Release|Any CPU.ActiveCfg = Release|Any CPU
		{CC07612E-95FA-4C02-B2D4-778DF1A9202B}.Release|Any CPU.Build.0 = Release|Any CPU
		{CC07612E-95FA-4C02-B2D4-778DF1A9202B}.Release|x64.ActiveCfg = Release|Any CPU
		{CC07612E-95FA-4C02-B2D4-778DF1A9202B}.Release|x64.Build.0 = Release|Any CPU
		{CC07612E-95FA-4C02-B2D4-778DF1A9202B}.Release|x86.ActiveCfg = Release|Any CPU
		{CC07612E-95FA-4C02-B2D4-778DF1A9202B}.Release|x86.Build.0 = Release|Any CPU
		{AF7CB034-FDED-4C81-9453-406C41C0F2ED}.Debug|Any CPU.ActiveCfg = Debug|Any CPU
		{AF7CB034-FDED-4C81-9453-406C41C0F2ED}.Debug|Any CPU.Build.0 = Debug|Any CPU
		{AF7CB034-FDED-4C81-9453-406C41C0F2ED}.Debug|x64.ActiveCfg = Debug|Any CPU
		{AF7CB034-FDED-4C81-9453-406C41C0F2ED}.Debug|x64.Build.0 = Debug|Any CPU
		{AF7CB034-FDED-4C81-9453-406C41C0F2ED}.Debug|x86.ActiveCfg = Debug|Any CPU
		{AF7CB034-FDED-4C81-9453-406C41C0F2ED}.Debug|x86.Build.0 = Debug|Any CPU
		{AF7CB034-FDED-4C81-9453-406C41C0F2ED}.Release|Any CPU.ActiveCfg = Release|Any CPU
		{AF7CB034-FDED-4C81-9453-406C41C0F2ED}.Release|Any CPU.Build.0 = Release|Any CPU
		{AF7CB034-FDED-4C81-9453-406C41C0F2ED}.Release|x64.ActiveCfg = Release|Any CPU
		{AF7CB034-FDED-4C81-9453-406C41C0F2ED}.Release|x64.Build.0 = Release|Any CPU
		{AF7CB034-FDED-4C81-9453-406C41C0F2ED}.Release|x86.ActiveCfg = Release|Any CPU
		{AF7CB034-FDED-4C81-9453-406C41C0F2ED}.Release|x86.Build.0 = Release|Any CPU
	EndGlobalSection
EndGlobal
