
Microsoft Visual Studio Solution File, Format Version 12.00
# Visual Studio Version 16
VisualStudioVersion = 16.0.30114.105
MinimumVisualStudioVersion = 10.0.40219.1
Project("{FAE04EC0-301F-11D3-BF4B-00C04F79EFBC}") = "Penguin.Web.OAuthJsonClient.Local", "Penguin.Web.OAuthJsonClient.Local.csproj", "{ED225F5D-6B20-408A-8EE8-44C298085017}"
EndProject
Project("{FAE04EC0-301F-11D3-BF4B-00C04F79EFBC}") = "Penguin.Web.JsonClient.Local", "..\Penguin.Web.JsonClient\Penguin.Web.JsonClient.Local.csproj", "{47967AED-3753-40EB-AA88-EE472C45CEB1}"
EndProject
Project("{FAE04EC0-301F-11D3-BF4B-00C04F79EFBC}") = "Penguin.Web.WebClientEx.Local", "..\Penguin.Web.WebClientEx\Penguin.Web.WebClientEx.Local.csproj", "{E7875150-78D6-4A96-8B66-BB9A58F5D65E}"
EndProject
Project("{FAE04EC0-301F-11D3-BF4B-00C04F79EFBC}") = "Penguin.Extensions.String.Local", "..\Penguin.Extensions.String\Penguin.Extensions.String.Local.csproj", "{D0E3F7C3-394D-4E3F-8235-8F03692577E9}"
EndProject
Project("{FAE04EC0-301F-11D3-BF4B-00C04F79EFBC}") = "Penguin.Web.Http.Local", "..\Penguin.Web.Http\Penguin.Web.Http.Local.csproj", "{2322422B-4F73-4F08-B68A-20913004F4D2}"
EndProject
Project("{FAE04EC0-301F-11D3-BF4B-00C04F79EFBC}") = "Penguin.Reflection.Extensions.Local", "..\Penguin.Reflection.Extensions\Penguin.Reflection.Extensions.Local.csproj", "{3FD1BEE5-F638-404A-B2CE-8072C33EF7E5}"
EndProject
Project("{FAE04EC0-301F-11D3-BF4B-00C04F79EFBC}") = "Penguin.Reflection.Abstractions.Local", "..\Penguin.Reflection.Abstractions\Penguin.Reflection.Abstractions.Local.csproj", "{D8609670-A0DA-4215-9256-38FE5C7FAECB}"
EndProject
Project("{FAE04EC0-301F-11D3-BF4B-00C04F79EFBC}") = "Penguin.Json.Local", "..\Penguin.Json\Penguin.Json.Local.csproj", "{A4497923-459C-4563-87BA-C2FA98081172}"
EndProject
Project("{FAE04EC0-301F-11D3-BF4B-00C04F79EFBC}") = "Penguin.SystemExtensions.Abstractions.Local", "..\Penguin.SystemExtensions.Abstractions\Penguin.SystemExtensions.Abstractions.Local.csproj", "{09548ECB-D64A-41C0-8DCC-4C70DE2F740A}"
EndProject
Project("{FAE04EC0-301F-11D3-BF4B-00C04F79EFBC}") = "Penguin.Json.Abstractions.Local", "..\Penguin.Json.Abstractions\Penguin.Json.Abstractions.Local.csproj", "{376EBECD-4019-4920-9C39-116E0DB21F6A}"
EndProject
Project("{FAE04EC0-301F-11D3-BF4B-00C04F79EFBC}") = "Penguin.Reflection.Local", "..\Penguin.Reflection\Penguin.Reflection.Local.csproj", "{6C8587CF-B410-418E-B5FE-4CB8344B36F5}"
EndProject
Project("{FAE04EC0-301F-11D3-BF4B-00C04F79EFBC}") = "Penguin.Debugging.Local", "..\Penguin.Debugging\Penguin.Debugging.Local.csproj", "{1DBBDE4E-A470-4CCB-BF71-D8E61A97075E}"
EndProject
Project("{FAE04EC0-301F-11D3-BF4B-00C04F79EFBC}") = "Penguin.Extensions.Exceptions.Local", "..\Penguin.Extensions.Exceptions\Penguin.Extensions.Exceptions.Local.csproj", "{72B01F16-C1E9-4CFD-98DA-EFAC754EAE79}"
EndProject
Project("{FAE04EC0-301F-11D3-BF4B-00C04F79EFBC}") = "Penguin.FileStreams.Local", "..\Penguin.FileStreams\Penguin.FileStreams.Local.csproj", "{359AD1C6-B9D5-4526-841B-6EC99A6B7603}"
EndProject
Global
	GlobalSection(SolutionConfigurationPlatforms) = preSolution
		Debug|Any CPU = Debug|Any CPU
		Debug|x64 = Debug|x64
		Debug|x86 = Debug|x86
		Release|Any CPU = Release|Any CPU
		Release|x64 = Release|x64
		Release|x86 = Release|x86
	EndGlobalSection
	GlobalSection(SolutionProperties) = preSolution
		HideSolutionNode = FALSE
	EndGlobalSection
	GlobalSection(ProjectConfigurationPlatforms) = postSolution
		{ED225F5D-6B20-408A-8EE8-44C298085017}.Debug|Any CPU.ActiveCfg = Debug|Any CPU
		{ED225F5D-6B20-408A-8EE8-44C298085017}.Debug|Any CPU.Build.0 = Debug|Any CPU
		{ED225F5D-6B20-408A-8EE8-44C298085017}.Debug|x64.ActiveCfg = Debug|Any CPU
		{ED225F5D-6B20-408A-8EE8-44C298085017}.Debug|x64.Build.0 = Debug|Any CPU
		{ED225F5D-6B20-408A-8EE8-44C298085017}.Debug|x86.ActiveCfg = Debug|Any CPU
		{ED225F5D-6B20-408A-8EE8-44C298085017}.Debug|x86.Build.0 = Debug|Any CPU
		{ED225F5D-6B20-408A-8EE8-44C298085017}.Release|Any CPU.ActiveCfg = Release|Any CPU
		{ED225F5D-6B20-408A-8EE8-44C298085017}.Release|Any CPU.Build.0 = Release|Any CPU
		{ED225F5D-6B20-408A-8EE8-44C298085017}.Release|x64.ActiveCfg = Release|Any CPU
		{ED225F5D-6B20-408A-8EE8-44C298085017}.Release|x64.Build.0 = Release|Any CPU
		{ED225F5D-6B20-408A-8EE8-44C298085017}.Release|x86.ActiveCfg = Release|Any CPU
		{ED225F5D-6B20-408A-8EE8-44C298085017}.Release|x86.Build.0 = Release|Any CPU
		{47967AED-3753-40EB-AA88-EE472C45CEB1}.Debug|Any CPU.ActiveCfg = Debug|Any CPU
		{47967AED-3753-40EB-AA88-EE472C45CEB1}.Debug|Any CPU.Build.0 = Debug|Any CPU
		{47967AED-3753-40EB-AA88-EE472C45CEB1}.Debug|x64.ActiveCfg = Debug|Any CPU
		{47967AED-3753-40EB-AA88-EE472C45CEB1}.Debug|x64.Build.0 = Debug|Any CPU
		{47967AED-3753-40EB-AA88-EE472C45CEB1}.Debug|x86.ActiveCfg = Debug|Any CPU
		{47967AED-3753-40EB-AA88-EE472C45CEB1}.Debug|x86.Build.0 = Debug|Any CPU
		{47967AED-3753-40EB-AA88-EE472C45CEB1}.Release|Any CPU.ActiveCfg = Release|Any CPU
		{47967AED-3753-40EB-AA88-EE472C45CEB1}.Release|Any CPU.Build.0 = Release|Any CPU
		{47967AED-3753-40EB-AA88-EE472C45CEB1}.Release|x64.ActiveCfg = Release|Any CPU
		{47967AED-3753-40EB-AA88-EE472C45CEB1}.Release|x64.Build.0 = Release|Any CPU
		{47967AED-3753-40EB-AA88-EE472C45CEB1}.Release|x86.ActiveCfg = Release|Any CPU
		{47967AED-3753-40EB-AA88-EE472C45CEB1}.Release|x86.Build.0 = Release|Any CPU
		{E7875150-78D6-4A96-8B66-BB9A58F5D65E}.Debug|Any CPU.ActiveCfg = Debug|Any CPU
		{E7875150-78D6-4A96-8B66-BB9A58F5D65E}.Debug|Any CPU.Build.0 = Debug|Any CPU
		{E7875150-78D6-4A96-8B66-BB9A58F5D65E}.Debug|x64.ActiveCfg = Debug|Any CPU
		{E7875150-78D6-4A96-8B66-BB9A58F5D65E}.Debug|x64.Build.0 = Debug|Any CPU
		{E7875150-78D6-4A96-8B66-BB9A58F5D65E}.Debug|x86.ActiveCfg = Debug|Any CPU
		{E7875150-78D6-4A96-8B66-BB9A58F5D65E}.Debug|x86.Build.0 = Debug|Any CPU
		{E7875150-78D6-4A96-8B66-BB9A58F5D65E}.Release|Any CPU.ActiveCfg = Release|Any CPU
		{E7875150-78D6-4A96-8B66-BB9A58F5D65E}.Release|Any CPU.Build.0 = Release|Any CPU
		{E7875150-78D6-4A96-8B66-BB9A58F5D65E}.Release|x64.ActiveCfg = Release|Any CPU
		{E7875150-78D6-4A96-8B66-BB9A58F5D65E}.Release|x64.Build.0 = Release|Any CPU
		{E7875150-78D6-4A96-8B66-BB9A58F5D65E}.Release|x86.ActiveCfg = Release|Any CPU
		{E7875150-78D6-4A96-8B66-BB9A58F5D65E}.Release|x86.Build.0 = Release|Any CPU
		{D0E3F7C3-394D-4E3F-8235-8F03692577E9}.Debug|Any CPU.ActiveCfg = Debug|Any CPU
		{D0E3F7C3-394D-4E3F-8235-8F03692577E9}.Debug|Any CPU.Build.0 = Debug|Any CPU
		{D0E3F7C3-394D-4E3F-8235-8F03692577E9}.Debug|x64.ActiveCfg = Debug|Any CPU
		{D0E3F7C3-394D-4E3F-8235-8F03692577E9}.Debug|x64.Build.0 = Debug|Any CPU
		{D0E3F7C3-394D-4E3F-8235-8F03692577E9}.Debug|x86.ActiveCfg = Debug|Any CPU
		{D0E3F7C3-394D-4E3F-8235-8F03692577E9}.Debug|x86.Build.0 = Debug|Any CPU
		{D0E3F7C3-394D-4E3F-8235-8F03692577E9}.Release|Any CPU.ActiveCfg = Release|Any CPU
		{D0E3F7C3-394D-4E3F-8235-8F03692577E9}.Release|Any CPU.Build.0 = Release|Any CPU
		{D0E3F7C3-394D-4E3F-8235-8F03692577E9}.Release|x64.ActiveCfg = Release|Any CPU
		{D0E3F7C3-394D-4E3F-8235-8F03692577E9}.Release|x64.Build.0 = Release|Any CPU
		{D0E3F7C3-394D-4E3F-8235-8F03692577E9}.Release|x86.ActiveCfg = Release|Any CPU
		{D0E3F7C3-394D-4E3F-8235-8F03692577E9}.Release|x86.Build.0 = Release|Any CPU
		{2322422B-4F73-4F08-B68A-20913004F4D2}.Debug|Any CPU.ActiveCfg = Debug|Any CPU
		{2322422B-4F73-4F08-B68A-20913004F4D2}.Debug|Any CPU.Build.0 = Debug|Any CPU
		{2322422B-4F73-4F08-B68A-20913004F4D2}.Debug|x64.ActiveCfg = Debug|Any CPU
		{2322422B-4F73-4F08-B68A-20913004F4D2}.Debug|x64.Build.0 = Debug|Any CPU
		{2322422B-4F73-4F08-B68A-20913004F4D2}.Debug|x86.ActiveCfg = Debug|Any CPU
		{2322422B-4F73-4F08-B68A-20913004F4D2}.Debug|x86.Build.0 = Debug|Any CPU
		{2322422B-4F73-4F08-B68A-20913004F4D2}.Release|Any CPU.ActiveCfg = Release|Any CPU
		{2322422B-4F73-4F08-B68A-20913004F4D2}.Release|Any CPU.Build.0 = Release|Any CPU
		{2322422B-4F73-4F08-B68A-20913004F4D2}.Release|x64.ActiveCfg = Release|Any CPU
		{2322422B-4F73-4F08-B68A-20913004F4D2}.Release|x64.Build.0 = Release|Any CPU
		{2322422B-4F73-4F08-B68A-20913004F4D2}.Release|x86.ActiveCfg = Release|Any CPU
		{2322422B-4F73-4F08-B68A-20913004F4D2}.Release|x86.Build.0 = Release|Any CPU
		{3FD1BEE5-F638-404A-B2CE-8072C33EF7E5}.Debug|Any CPU.ActiveCfg = Debug|Any CPU
		{3FD1BEE5-F638-404A-B2CE-8072C33EF7E5}.Debug|Any CPU.Build.0 = Debug|Any CPU
		{3FD1BEE5-F638-404A-B2CE-8072C33EF7E5}.Debug|x64.ActiveCfg = Debug|Any CPU
		{3FD1BEE5-F638-404A-B2CE-8072C33EF7E5}.Debug|x64.Build.0 = Debug|Any CPU
		{3FD1BEE5-F638-404A-B2CE-8072C33EF7E5}.Debug|x86.ActiveCfg = Debug|Any CPU
		{3FD1BEE5-F638-404A-B2CE-8072C33EF7E5}.Debug|x86.Build.0 = Debug|Any CPU
		{3FD1BEE5-F638-404A-B2CE-8072C33EF7E5}.Release|Any CPU.ActiveCfg = Release|Any CPU
		{3FD1BEE5-F638-404A-B2CE-8072C33EF7E5}.Release|Any CPU.Build.0 = Release|Any CPU
		{3FD1BEE5-F638-404A-B2CE-8072C33EF7E5}.Release|x64.ActiveCfg = Release|Any CPU
		{3FD1BEE5-F638-404A-B2CE-8072C33EF7E5}.Release|x64.Build.0 = Release|Any CPU
		{3FD1BEE5-F638-404A-B2CE-8072C33EF7E5}.Release|x86.ActiveCfg = Release|Any CPU
		{3FD1BEE5-F638-404A-B2CE-8072C33EF7E5}.Release|x86.Build.0 = Release|Any CPU
		{D8609670-A0DA-4215-9256-38FE5C7FAECB}.Debug|Any CPU.ActiveCfg = Debug|Any CPU
		{D8609670-A0DA-4215-9256-38FE5C7FAECB}.Debug|Any CPU.Build.0 = Debug|Any CPU
		{D8609670-A0DA-4215-9256-38FE5C7FAECB}.Debug|x64.ActiveCfg = Debug|Any CPU
		{D8609670-A0DA-4215-9256-38FE5C7FAECB}.Debug|x64.Build.0 = Debug|Any CPU
		{D8609670-A0DA-4215-9256-38FE5C7FAECB}.Debug|x86.ActiveCfg = Debug|Any CPU
		{D8609670-A0DA-4215-9256-38FE5C7FAECB}.Debug|x86.Build.0 = Debug|Any CPU
		{D8609670-A0DA-4215-9256-38FE5C7FAECB}.Release|Any CPU.ActiveCfg = Release|Any CPU
		{D8609670-A0DA-4215-9256-38FE5C7FAECB}.Release|Any CPU.Build.0 = Release|Any CPU
		{D8609670-A0DA-4215-9256-38FE5C7FAECB}.Release|x64.ActiveCfg = Release|Any CPU
		{D8609670-A0DA-4215-9256-38FE5C7FAECB}.Release|x64.Build.0 = Release|Any CPU
		{D8609670-A0DA-4215-9256-38FE5C7FAECB}.Release|x86.ActiveCfg = Release|Any CPU
		{D8609670-A0DA-4215-9256-38FE5C7FAECB}.Release|x86.Build.0 = Release|Any CPU
		{A4497923-459C-4563-87BA-C2FA98081172}.Debug|Any CPU.ActiveCfg = Debug|Any CPU
		{A4497923-459C-4563-87BA-C2FA98081172}.Debug|Any CPU.Build.0 = Debug|Any CPU
		{A4497923-459C-4563-87BA-C2FA98081172}.Debug|x64.ActiveCfg = Debug|Any CPU
		{A4497923-459C-4563-87BA-C2FA98081172}.Debug|x64.Build.0 = Debug|Any CPU
		{A4497923-459C-4563-87BA-C2FA98081172}.Debug|x86.ActiveCfg = Debug|Any CPU
		{A4497923-459C-4563-87BA-C2FA98081172}.Debug|x86.Build.0 = Debug|Any CPU
		{A4497923-459C-4563-87BA-C2FA98081172}.Release|Any CPU.ActiveCfg = Release|Any CPU
		{A4497923-459C-4563-87BA-C2FA98081172}.Release|Any CPU.Build.0 = Release|Any CPU
		{A4497923-459C-4563-87BA-C2FA98081172}.Release|x64.ActiveCfg = Release|Any CPU
		{A4497923-459C-4563-87BA-C2FA98081172}.Release|x64.Build.0 = Release|Any CPU
		{A4497923-459C-4563-87BA-C2FA98081172}.Release|x86.ActiveCfg = Release|Any CPU
		{A4497923-459C-4563-87BA-C2FA98081172}.Release|x86.Build.0 = Release|Any CPU
		{09548ECB-D64A-41C0-8DCC-4C70DE2F740A}.Debug|Any CPU.ActiveCfg = Debug|Any CPU
		{09548ECB-D64A-41C0-8DCC-4C70DE2F740A}.Debug|Any CPU.Build.0 = Debug|Any CPU
		{09548ECB-D64A-41C0-8DCC-4C70DE2F740A}.Debug|x64.ActiveCfg = Debug|Any CPU
		{09548ECB-D64A-41C0-8DCC-4C70DE2F740A}.Debug|x64.Build.0 = Debug|Any CPU
		{09548ECB-D64A-41C0-8DCC-4C70DE2F740A}.Debug|x86.ActiveCfg = Debug|Any CPU
		{09548ECB-D64A-41C0-8DCC-4C70DE2F740A}.Debug|x86.Build.0 = Debug|Any CPU
		{09548ECB-D64A-41C0-8DCC-4C70DE2F740A}.Release|Any CPU.ActiveCfg = Release|Any CPU
		{09548ECB-D64A-41C0-8DCC-4C70DE2F740A}.Release|Any CPU.Build.0 = Release|Any CPU
		{09548ECB-D64A-41C0-8DCC-4C70DE2F740A}.Release|x64.ActiveCfg = Release|Any CPU
		{09548ECB-D64A-41C0-8DCC-4C70DE2F740A}.Release|x64.Build.0 = Release|Any CPU
		{09548ECB-D64A-41C0-8DCC-4C70DE2F740A}.Release|x86.ActiveCfg = Release|Any CPU
		{09548ECB-D64A-41C0-8DCC-4C70DE2F740A}.Release|x86.Build.0 = Release|Any CPU
		{376EBECD-4019-4920-9C39-116E0DB21F6A}.Debug|Any CPU.ActiveCfg = Debug|Any CPU
		{376EBECD-4019-4920-9C39-116E0DB21F6A}.Debug|Any CPU.Build.0 = Debug|Any CPU
		{376EBECD-4019-4920-9C39-116E0DB21F6A}.Debug|x64.ActiveCfg = Debug|Any CPU
		{376EBECD-4019-4920-9C39-116E0DB21F6A}.Debug|x64.Build.0 = Debug|Any CPU
		{376EBECD-4019-4920-9C39-116E0DB21F6A}.Debug|x86.ActiveCfg = Debug|Any CPU
		{376EBECD-4019-4920-9C39-116E0DB21F6A}.Debug|x86.Build.0 = Debug|Any CPU
		{376EBECD-4019-4920-9C39-116E0DB21F6A}.Release|Any CPU.ActiveCfg = Release|Any CPU
		{376EBECD-4019-4920-9C39-116E0DB21F6A}.Release|Any CPU.Build.0 = Release|Any CPU
		{376EBECD-4019-4920-9C39-116E0DB21F6A}.Release|x64.ActiveCfg = Release|Any CPU
		{376EBECD-4019-4920-9C39-116E0DB21F6A}.Release|x64.Build.0 = Release|Any CPU
		{376EBECD-4019-4920-9C39-116E0DB21F6A}.Release|x86.ActiveCfg = Release|Any CPU
		{376EBECD-4019-4920-9C39-116E0DB21F6A}.Release|x86.Build.0 = Release|Any CPU
		{6C8587CF-B410-418E-B5FE-4CB8344B36F5}.Debug|Any CPU.ActiveCfg = Debug|Any CPU
		{6C8587CF-B410-418E-B5FE-4CB8344B36F5}.Debug|Any CPU.Build.0 = Debug|Any CPU
		{6C8587CF-B410-418E-B5FE-4CB8344B36F5}.Debug|x64.ActiveCfg = Debug|Any CPU
		{6C8587CF-B410-418E-B5FE-4CB8344B36F5}.Debug|x64.Build.0 = Debug|Any CPU
		{6C8587CF-B410-418E-B5FE-4CB8344B36F5}.Debug|x86.ActiveCfg = Debug|Any CPU
		{6C8587CF-B410-418E-B5FE-4CB8344B36F5}.Debug|x86.Build.0 = Debug|Any CPU
		{6C8587CF-B410-418E-B5FE-4CB8344B36F5}.Release|Any CPU.ActiveCfg = Release|Any CPU
		{6C8587CF-B410-418E-B5FE-4CB8344B36F5}.Release|Any CPU.Build.0 = Release|Any CPU
		{6C8587CF-B410-418E-B5FE-4CB8344B36F5}.Release|x64.ActiveCfg = Release|Any CPU
		{6C8587CF-B410-418E-B5FE-4CB8344B36F5}.Release|x64.Build.0 = Release|Any CPU
		{6C8587CF-B410-418E-B5FE-4CB8344B36F5}.Release|x86.ActiveCfg = Release|Any CPU
		{6C8587CF-B410-418E-B5FE-4CB8344B36F5}.Release|x86.Build.0 = Release|Any CPU
		{1DBBDE4E-A470-4CCB-BF71-D8E61A97075E}.Debug|Any CPU.ActiveCfg = Debug|Any CPU
		{1DBBDE4E-A470-4CCB-BF71-D8E61A97075E}.Debug|Any CPU.Build.0 = Debug|Any CPU
		{1DBBDE4E-A470-4CCB-BF71-D8E61A97075E}.Debug|x64.ActiveCfg = Debug|Any CPU
		{1DBBDE4E-A470-4CCB-BF71-D8E61A97075E}.Debug|x64.Build.0 = Debug|Any CPU
		{1DBBDE4E-A470-4CCB-BF71-D8E61A97075E}.Debug|x86.ActiveCfg = Debug|Any CPU
		{1DBBDE4E-A470-4CCB-BF71-D8E61A97075E}.Debug|x86.Build.0 = Debug|Any CPU
		{1DBBDE4E-A470-4CCB-BF71-D8E61A97075E}.Release|Any CPU.ActiveCfg = Release|Any CPU
		{1DBBDE4E-A470-4CCB-BF71-D8E61A97075E}.Release|Any CPU.Build.0 = Release|Any CPU
		{1DBBDE4E-A470-4CCB-BF71-D8E61A97075E}.Release|x64.ActiveCfg = Release|Any CPU
		{1DBBDE4E-A470-4CCB-BF71-D8E61A97075E}.Release|x64.Build.0 = Release|Any CPU
		{1DBBDE4E-A470-4CCB-BF71-D8E61A97075E}.Release|x86.ActiveCfg = Release|Any CPU
		{1DBBDE4E-A470-4CCB-BF71-D8E61A97075E}.Release|x86.Build.0 = Release|Any CPU
		{72B01F16-C1E9-4CFD-98DA-EFAC754EAE79}.Debug|Any CPU.ActiveCfg = Debug|Any CPU
		{72B01F16-C1E9-4CFD-98DA-EFAC754EAE79}.Debug|Any CPU.Build.0 = Debug|Any CPU
		{72B01F16-C1E9-4CFD-98DA-EFAC754EAE79}.Debug|x64.ActiveCfg = Debug|Any CPU
		{72B01F16-C1E9-4CFD-98DA-EFAC754EAE79}.Debug|x64.Build.0 = Debug|Any CPU
		{72B01F16-C1E9-4CFD-98DA-EFAC754EAE79}.Debug|x86.ActiveCfg = Debug|Any CPU
		{72B01F16-C1E9-4CFD-98DA-EFAC754EAE79}.Debug|x86.Build.0 = Debug|Any CPU
		{72B01F16-C1E9-4CFD-98DA-EFAC754EAE79}.Release|Any CPU.ActiveCfg = Release|Any CPU
		{72B01F16-C1E9-4CFD-98DA-EFAC754EAE79}.Release|Any CPU.Build.0 = Release|Any CPU
		{72B01F16-C1E9-4CFD-98DA-EFAC754EAE79}.Release|x64.ActiveCfg = Release|Any CPU
		{72B01F16-C1E9-4CFD-98DA-EFAC754EAE79}.Release|x64.Build.0 = Release|Any CPU
		{72B01F16-C1E9-4CFD-98DA-EFAC754EAE79}.Release|x86.ActiveCfg = Release|Any CPU
		{72B01F16-C1E9-4CFD-98DA-EFAC754EAE79}.Release|x86.Build.0 = Release|Any CPU
		{359AD1C6-B9D5-4526-841B-6EC99A6B7603}.Debug|Any CPU.ActiveCfg = Debug|Any CPU
		{359AD1C6-B9D5-4526-841B-6EC99A6B7603}.Debug|Any CPU.Build.0 = Debug|Any CPU
		{359AD1C6-B9D5-4526-841B-6EC99A6B7603}.Debug|x64.ActiveCfg = Debug|Any CPU
		{359AD1C6-B9D5-4526-841B-6EC99A6B7603}.Debug|x64.Build.0 = Debug|Any CPU
		{359AD1C6-B9D5-4526-841B-6EC99A6B7603}.Debug|x86.ActiveCfg = Debug|Any CPU
		{359AD1C6-B9D5-4526-841B-6EC99A6B7603}.Debug|x86.Build.0 = Debug|Any CPU
		{359AD1C6-B9D5-4526-841B-6EC99A6B7603}.Release|Any CPU.ActiveCfg = Release|Any CPU
		{359AD1C6-B9D5-4526-841B-6EC99A6B7603}.Release|Any CPU.Build.0 = Release|Any CPU
		{359AD1C6-B9D5-4526-841B-6EC99A6B7603}.Release|x64.ActiveCfg = Release|Any CPU
		{359AD1C6-B9D5-4526-841B-6EC99A6B7603}.Release|x64.Build.0 = Release|Any CPU
		{359AD1C6-B9D5-4526-841B-6EC99A6B7603}.Release|x86.ActiveCfg = Release|Any CPU
		{359AD1C6-B9D5-4526-841B-6EC99A6B7603}.Release|x86.Build.0 = Release|Any CPU
	EndGlobalSection
EndGlobal
